
Microsoft Visual Studio Solution File, Format Version 12.00
# Visual Studio Version 17
VisualStudioVersion = 17.13.35818.85 d17.13
MinimumVisualStudioVersion = 10.0.40219.1
Project("{FAE04EC0-301F-11D3-BF4B-00C04F79EFBC}") = "FwkWebApplication1", "FwkWebApplication1\FwkWebApplication1.csproj", "{36585A7A-3A6C-4B0F-B411-BB9C76CA8F28}"
EndProject
Global
	GlobalSection(SolutionConfigurationPlatforms) = preSolution
		Debug|Any CPU = Debug|Any CPU
		Release|Any CPU = Release|Any CPU
	EndGlobalSection
	GlobalSection(ProjectConfigurationPlatforms) = postSolution
		{36585A7A-3A6C-4B0F-B411-BB9C76CA8F28}.Debug|Any CPU.ActiveCfg = Debug|Any CPU
		{36585A7A-3A6C-4B0F-B411-BB9C76CA8F28}.Debug|Any CPU.Build.0 = Debug|Any CPU
		{36585A7A-3A6C-4B0F-B411-BB9C76CA8F28}.Release|Any CPU.ActiveCfg = Release|Any CPU
		{36585A7A-3A6C-4B0F-B411-BB9C76CA8F28}.Release|Any CPU.Build.0 = Release|Any CPU
	EndGlobalSection
	GlobalSection(SolutionProperties) = preSolution
		HideSolutionNode = FALSE
	EndGlobalSection
	GlobalSection(ExtensibilityGlobals) = postSolution
		SolutionGuid = {24A2534E-4C35-4B30-9246-CA5548885D46}
	EndGlobalSection
EndGlobal
